DEPENDENCIES
  dotfiles
    path: cookbooks/dotfiles
  ndenv
    git: https://github.com/Numergy/ndenv-cookbook.git
    revision: ea07e8afda8db4c8279b6403d6d58513053478c4
  pyenv
    git: https://github.com/sds/chef-pyenv.git
    revision: c3abd2d11f2f487adce4a0137ed6f9c62b7e731f

GRAPH
  apt (7.1.1)
  build-essential (8.2.1)
    mingw (>= 1.1)
    seven_zip (>= 0.0.0)
  dotfiles (0.1.2)
    apt (>= 0.0.0)
    build-essential (>= 0.0.0)
    ndenv (>= 0.0.0)
    pyenv (>= 0.0.0)
    ruby_rbenv (>= 0.0.0)
  git (9.0.1)
    build-essential (>= 5.0.0)
  mingw (2.1.0)
    seven_zip (>= 0.0.0)
  ndenv (0.4.0)
    apt (>= 0.0.0)
    build-essential (>= 0.0.0)
    git (>= 0.0.0)
  pyenv (2.1.0)
  ruby_rbenv (2.1.2)
  seven_zip (3.1.0)
    windows (>= 0.0.0)
  windows (5.2.2)
